
Microsoft Visual Studio Solution File, Format Version 12.00
# Visual Studio Version 17
VisualStudioVersion = 17.5.33502.453
MinimumVisualStudioVersion = 10.0.40219.1
Project("{9A19103F-16F7-4668-BE54-9A1E7A4F7556}") = "DelDenBot", "DelDetBot\DelDenBot.csproj", "{0DF3DD47-452D-49F3-9BEF-A78344DB67D8}"
	ProjectSection(ProjectDependencies) = postProject
		{77CC37E5-9074-444F-BE62-9480E7152D5E} = {77CC37E5-9074-444F-BE62-9480E7152D5E}
	EndProjectSection
EndProject
Project("{9A19103F-16F7-4668-BE54-9A1E7A4F7556}") = "PingPongBot", "PingPongBot\PingPongBot.csproj", "{BF7E106A-7ABD-4958-85C3-2A75601E582C}"
	ProjectSection(ProjectDependencies) = postProject
		{77CC37E5-9074-444F-BE62-9480E7152D5E} = {77CC37E5-9074-444F-BE62-9480E7152D5E}
	EndProjectSection
EndProject
Project("{9A19103F-16F7-4668-BE54-9A1E7A4F7556}") = "SimpleBot", "SimpleBot\SimpleBot.csproj", "{C0F34F1E-8AF6-4012-82C3-E5218EFCC544}"
	ProjectSection(ProjectDependencies) = postProject
		{77CC37E5-9074-444F-BE62-9480E7152D5E} = {77CC37E5-9074-444F-BE62-9480E7152D5E}
	EndProjectSection
EndProject
Project("{FAE04EC0-301F-11D3-BF4B-00C04F79EFBC}") = "Chatroom.NetworkClient", "Chatroom-NetworkClient\Chatroom.NetworkClient\Chatroom.NetworkClient.csproj", "{77CC37E5-9074-444F-BE62-9480E7152D5E}"
EndProject
Project("{9A19103F-16F7-4668-BE54-9A1E7A4F7556}") = "Chatroom.NetworkClient.Bot", "Chatroom-NetworkClient\Chatroom.NetworkClient.Bot\Chatroom.NetworkClient.Bot.csproj", "{C0D74615-5BBE-46BC-BC4B-D3F36E1D181E}"
EndProject
Global
	GlobalSection(SolutionConfigurationPlatforms) = preSolution
		Debug|Any CPU = Debug|Any CPU
		Release|Any CPU = Release|Any CPU
	EndGlobalSection
	GlobalSection(ProjectConfigurationPlatforms) = postSolution
		{0DF3DD47-452D-49F3-9BEF-A78344DB67D8}.Debug|Any CPU.ActiveCfg = Debug|Any CPU
		{0DF3DD47-452D-49F3-9BEF-A78344DB67D8}.Debug|Any CPU.Build.0 = Debug|Any CPU
		{0DF3DD47-452D-49F3-9BEF-A78344DB67D8}.Release|Any CPU.ActiveCfg = Release|Any CPU
		{0DF3DD47-452D-49F3-9BEF-A78344DB67D8}.Release|Any CPU.Build.0 = Release|Any CPU
		{BF7E106A-7ABD-4958-85C3-2A75601E582C}.Debug|Any CPU.ActiveCfg = Debug|Any CPU
		{BF7E106A-7ABD-4958-85C3-2A75601E582C}.Debug|Any CPU.Build.0 = Debug|Any CPU
		{BF7E106A-7ABD-4958-85C3-2A75601E582C}.Release|Any CPU.ActiveCfg = Release|Any CPU
		{BF7E106A-7ABD-4958-85C3-2A75601E582C}.Release|Any CPU.Build.0 = Release|Any CPU
		{C0F34F1E-8AF6-4012-82C3-E5218EFCC544}.Debug|Any CPU.ActiveCfg = Debug|Any CPU
		{C0F34F1E-8AF6-4012-82C3-E5218EFCC544}.Debug|Any CPU.Build.0 = Debug|Any CPU
		{C0F34F1E-8AF6-4012-82C3-E5218EFCC544}.Release|Any CPU.ActiveCfg = Release|Any CPU
		{C0F34F1E-8AF6-4012-82C3-E5218EFCC544}.Release|Any CPU.Build.0 = Release|Any CPU
		{77CC37E5-9074-444F-BE62-9480E7152D5E}.Debug|Any CPU.ActiveCfg = Debug|Any CPU
		{77CC37E5-9074-444F-BE62-9480E7152D5E}.Debug|Any CPU.Build.0 = Debug|Any CPU
		{77CC37E5-9074-444F-BE62-9480E7152D5E}.Release|Any CPU.ActiveCfg = Release|Any CPU
		{77CC37E5-9074-444F-BE62-9480E7152D5E}.Release|Any CPU.Build.0 = Release|Any CPU
		{C0D74615-5BBE-46BC-BC4B-D3F36E1D181E}.Debug|Any CPU.ActiveCfg = Debug|Any CPU
		{C0D74615-5BBE-46BC-BC4B-D3F36E1D181E}.Debug|Any CPU.Build.0 = Debug|Any CPU
		{C0D74615-5BBE-46BC-BC4B-D3F36E1D181E}.Release|Any CPU.ActiveCfg = Release|Any CPU
		{C0D74615-5BBE-46BC-BC4B-D3F36E1D181E}.Release|Any CPU.Build.0 = Release|Any CPU
	EndGlobalSection
	GlobalSection(SolutionProperties) = preSolution
		HideSolutionNode = FALSE
	EndGlobalSection
	GlobalSection(ExtensibilityGlobals) = postSolution
		SolutionGuid = {83F74C75-09B0-4620-948B-088793ABC6DB}
	EndGlobalSection
EndGlobal
